
Microsoft Visual Studio Solution File, Format Version 12.00
# Visual Studio Version 16
VisualStudioVersion = 16.0.30907.101
MinimumVisualStudioVersion = 10.0.40219.1
Project("{9A19103F-16F7-4668-BE54-9A1E7A4F7556}") = "Northwind.Data", "Northwind.Data\Northwind.Data.csproj", "{301E7A0D-68AC-4014-9CE7-F8965EBEDF24}"
EndProject
Project("{9A19103F-16F7-4668-BE54-9A1E7A4F7556}") = "Northwind.Infrastructure", "Northwind.Infrastructure\Northwind.Infrastructure.csproj", "{52FF1639-0F31-418D-B0FD-41EC98FD34F4}"
EndProject
Project("{9A19103F-16F7-4668-BE54-9A1E7A4F7556}") = "Northwind.Services", "Northwind.Services\Northwind.Services.csproj", "{2E04957D-16C8-4DA4-94CD-4A198E452146}"
EndProject
Project("{FAE04EC0-301F-11D3-BF4B-00C04F79EFBC}") = "Northwind.API", "Northwind.API\Northwind.API.csproj", "{64638F86-CEB4-4467-9FD3-8CB9E32DFBE7}"
EndProject
Global
	GlobalSection(SolutionConfigurationPlatforms) = preSolution
		Debug|Any CPU = Debug|Any CPU
		Release|Any CPU = Release|Any CPU
	EndGlobalSection
	GlobalSection(ProjectConfigurationPlatforms) = postSolution
		{301E7A0D-68AC-4014-9CE7-F8965EBEDF24}.Debug|Any CPU.ActiveCfg = Debug|Any CPU
		{301E7A0D-68AC-4014-9CE7-F8965EBEDF24}.Debug|Any CPU.Build.0 = Debug|Any CPU
		{301E7A0D-68AC-4014-9CE7-F8965EBEDF24}.Release|Any CPU.ActiveCfg = Release|Any CPU
		{301E7A0D-68AC-4014-9CE7-F8965EBEDF24}.Release|Any CPU.Build.0 = Release|Any CPU
		{52FF1639-0F31-418D-B0FD-41EC98FD34F4}.Debug|Any CPU.ActiveCfg = Debug|Any CPU
		{52FF1639-0F31-418D-B0FD-41EC98FD34F4}.Debug|Any CPU.Build.0 = Debug|Any CPU
		{52FF1639-0F31-418D-B0FD-41EC98FD34F4}.Release|Any CPU.ActiveCfg = Release|Any CPU
		{52FF1639-0F31-418D-B0FD-41EC98FD34F4}.Release|Any CPU.Build.0 = Release|Any CPU
		{2E04957D-16C8-4DA4-94CD-4A198E452146}.Debug|Any CPU.ActiveCfg = Debug|Any CPU
		{2E04957D-16C8-4DA4-94CD-4A198E452146}.Debug|Any CPU.Build.0 = Debug|Any CPU
		{2E04957D-16C8-4DA4-94CD-4A198E452146}.Release|Any CPU.ActiveCfg = Release|Any CPU
		{2E04957D-16C8-4DA4-94CD-4A198E452146}.Release|Any CPU.Build.0 = Release|Any CPU
		{64638F86-CEB4-4467-9FD3-8CB9E32DFBE7}.Debug|Any CPU.ActiveCfg = Debug|Any CPU
		{64638F86-CEB4-4467-9FD3-8CB9E32DFBE7}.Debug|Any CPU.Build.0 = Debug|Any CPU
		{64638F86-CEB4-4467-9FD3-8CB9E32DFBE7}.Release|Any CPU.ActiveCfg = Release|Any CPU
		{64638F86-CEB4-4467-9FD3-8CB9E32DFBE7}.Release|Any CPU.Build.0 = Release|Any CPU
	EndGlobalSection
	GlobalSection(SolutionProperties) = preSolution
		HideSolutionNode = FALSE
	EndGlobalSection
	GlobalSection(ExtensibilityGlobals) = postSolution
		SolutionGuid = {A1B2D108-5CA9-4135-83FE-54906BBAA895}
	EndGlobalSection
EndGlobal
